<?xml version="1.0" encoding="utf-8"?>
<Project ToolsVersion="4.0" xmlns="http://schemas.microsoft.com/developer/msbuild/2003">
  <ItemGroup>
    <Filter Include="リソース ファイル">
      <UniqueIdentifier>{67DA6AB6-F800-4c08-8B7A-83BB121AAD01}</UniqueIdentifier>
      <Extensions>rc;ico;cur;bmp;dlg;rc2;rct;bin;rgs;gif;jpg;jpeg;jpe;resx;tiff;tif;png;wav;mfcribbon-ms</Extensions>
    </Filter>
    <Filter Include="Camera">
      <UniqueIdentifier>{edcc1e17-47a2-48fd-a995-39a030dfc946}</UniqueIdentifier>
    </Filter>
    <Filter Include="Game">
      <UniqueIdentifier>{72c0dfca-6499-4ce6-8dd7-f1e808c7fbbc}</UniqueIdentifier>
    </Filter>
    <Filter Include="InputManager">
      <UniqueIdentifier>{f81c19e4-a4aa-4178-b23a-e54a65b5a38b}</UniqueIdentifier>
    </Filter>
    <Filter Include="SplitWindow">
      <UniqueIdentifier>{008cd51b-23ed-4559-81de-e8977446d77a}</UniqueIdentifier>
    </Filter>
    <Filter Include="MapChip">
      <UniqueIdentifier>{8e83c6a0-2072-48f4-a386-4ffed9bf938c}</UniqueIdentifier>
    </Filter>
    <Filter Include="WinMain">
      <UniqueIdentifier>{4FC737F1-C7A5-4376-A066-2A32D752A2FF}</UniqueIdentifier>
      <Extensions>cpp;c;cc;cxx;c++;cppm;ixx;def;odl;idl;hpj;bat;asm;asmx</Extensions>
    </Filter>
    <Filter Include="picojson">
      <UniqueIdentifier>{93995380-89BD-4b04-88EB-625FBE52EBFB}</UniqueIdentifier>
      <Extensions>h;hh;hpp;hxx;h++;hm;inl;inc;ipp;xsd</Extensions>
    </Filter>
    <Filter Include="Actor">
      <UniqueIdentifier>{663c77fc-08a5-49a1-8ab9-4358b4c375cb}</UniqueIdentifier>
    </Filter>
    <Filter Include="Actor\Player">
      <UniqueIdentifier>{9da644b0-0263-4a00-9b22-812deb9446f0}</UniqueIdentifier>
    </Filter>
    <Filter Include="Resource">
      <UniqueIdentifier>{c7f82701-27bd-4973-8e97-81e484daa3c0}</UniqueIdentifier>
    </Filter>
    <Filter Include="Resource\ImageServer">
      <UniqueIdentifier>{294a5707-498d-442f-81ff-f686985c0af6}</UniqueIdentifier>
    </Filter>
    <Filter Include="ActorServer">
      <UniqueIdentifier>{be73c19e-e509-479b-81a9-8cef6fe37642}</UniqueIdentifier>
    </Filter>
    <Filter Include="Actor\Enemy">
      <UniqueIdentifier>{dc3d0dff-60dd-49c1-b97d-149bb640193a}</UniqueIdentifier>
    </Filter>
    <Filter Include="Darkness">
      <UniqueIdentifier>{5eb8d2b1-712c-4271-ac43-9a6a8010a44b}</UniqueIdentifier>
    </Filter>
    <Filter Include="Actor\Bullet">
      <UniqueIdentifier>{13fa08dd-107a-41f1-b5a6-a81f8c9f9ee0}</UniqueIdentifier>
    </Filter>
    <Filter Include="Mode">
      <UniqueIdentifier>{a56e1825-39d9-4692-9f98-edf628dd3c07}</UniqueIdentifier>
    </Filter>
    <Filter Include="Mode\ModeGame">
      <UniqueIdentifier>{016bbaa5-dccd-49fa-9178-98d6537fa3cc}</UniqueIdentifier>
    </Filter>
    <Filter Include="ModeServer">
      <UniqueIdentifier>{246b0c6e-9763-45ff-b568-b06a5712ddb5}</UniqueIdentifier>
    </Filter>
    <Filter Include="UI">
      <UniqueIdentifier>{84abf6ab-5980-4670-9b3a-a5a5907657c8}</UniqueIdentifier>
    </Filter>
    <Filter Include="UI\MiniMap">
      <UniqueIdentifier>{41403de4-b1dc-4330-a137-12a8f2a25fef}</UniqueIdentifier>
    </Filter>
    <Filter Include="Actor\Light">
      <UniqueIdentifier>{fa317c28-c165-47b6-91d6-0d6e6d566c63}</UniqueIdentifier>
    </Filter>
    <Filter Include="Actor\Light\ProjectionLight">
      <UniqueIdentifier>{3de48b82-d295-48d8-a7ee-6cd771f2071e}</UniqueIdentifier>
    </Filter>
    <Filter Include="Actor\Light\BlinkLight">
      <UniqueIdentifier>{eac98229-8b05-42ca-ae1e-67a8aeecde25}</UniqueIdentifier>
    </Filter>
    <Filter Include="UI\PauseMenu">
      <UniqueIdentifier>{b44f53f6-20d6-465a-8b48-13d362974c4d}</UniqueIdentifier>
    </Filter>
    <Filter Include="Actor\Item">
      <UniqueIdentifier>{b78aa162-2415-4c53-a552-75c6594e8701}</UniqueIdentifier>
    </Filter>
    <Filter Include="Actor\Item\HPItem">
      <UniqueIdentifier>{a9db5718-abb3-4770-a1e0-ff4efc617dca}</UniqueIdentifier>
    </Filter>
    <Filter Include="Actor\Item\BulletItem">
      <UniqueIdentifier>{1d816f72-4512-4d87-90ed-66aaf5b85c2b}</UniqueIdentifier>
    </Filter>
    <Filter Include="Actor\ServerMachine">
      <UniqueIdentifier>{abfa538e-6572-4545-9312-30014e6657e8}</UniqueIdentifier>
    </Filter>
    <Filter Include="UI\ServerMachineUI">
      <UniqueIdentifier>{a35e19d9-2309-4eaf-b6c7-e619abd66b72}</UniqueIdentifier>
    </Filter>
    <Filter Include="Resource\SoundServer">
      <UniqueIdentifier>{ed159ccb-774c-4f37-89ef-768c7454acf0}</UniqueIdentifier>
    </Filter>
    <Filter Include="Actor\Enemy\EnemyVIP">
      <UniqueIdentifier>{c66cbfe4-64f7-4815-a661-0f1598a78b1c}</UniqueIdentifier>
    </Filter>
    <Filter Include="Actor\Light\UnstableLight">
      <UniqueIdentifier>{68f1b438-d8f8-4503-aa95-5dae7a798d54}</UniqueIdentifier>
    </Filter>
    <Filter Include="Utillity">
      <UniqueIdentifier>{3f838af6-39a3-46a5-8292-d42a831dec3d}</UniqueIdentifier>
    </Filter>
    <Filter Include="Utillity\EnemyGenerator">
      <UniqueIdentifier>{d8f6d4fb-0c34-4b9e-b0f0-33c261a14df0}</UniqueIdentifier>
    </Filter>
    <Filter Include="Mode\ModeMovie">
      <UniqueIdentifier>{4c50646e-507e-42d3-ad42-b9ac3c213012}</UniqueIdentifier>
    </Filter>
    <Filter Include="Actor\Player\PlayerAB">
      <UniqueIdentifier>{2cc87e12-c088-47ee-b99f-7abea17e027a}</UniqueIdentifier>
    </Filter>
    <Filter Include="UI\HP">
      <UniqueIdentifier>{dbf5f2cd-2eff-421f-890c-3b5593748d97}</UniqueIdentifier>
    </Filter>
    <Filter Include="Actor\Light\SquereLight">
      <UniqueIdentifier>{d2bdd3e0-0f2e-4ddd-969c-cd8951eda55a}</UniqueIdentifier>
    </Filter>
    <Filter Include="Actor\Gimmick">
      <UniqueIdentifier>{cdf8cfc1-8c5b-4647-9bd4-82b21fee741a}</UniqueIdentifier>
    </Filter>
    <Filter Include="Actor\Gimmick\FloorLamp">
      <UniqueIdentifier>{1bc590f5-6dad-41bf-9a02-68cd5e643d88}</UniqueIdentifier>
    </Filter>
    <Filter Include="Actor\Gimmick\Tereporter">
      <UniqueIdentifier>{a13577f6-b8b2-418a-964a-252ca85851d0}</UniqueIdentifier>
    </Filter>
    <Filter Include="Actor\Gimmick\Switch">
      <UniqueIdentifier>{0f81dcc4-ae02-4b96-b35d-bbb57db2c95e}</UniqueIdentifier>
    </Filter>
    <Filter Include="UI\AmmoUI">
      <UniqueIdentifier>{41ebb9d0-80ca-429d-a0d4-aa22ec921d5d}</UniqueIdentifier>
    </Filter>
    <Filter Include="Utillity\Easing">
      <UniqueIdentifier>{06cb272b-52e7-453d-95aa-4967289934e8}</UniqueIdentifier>
    </Filter>
    <Filter Include="Actor\Gimmick\Door">
      <UniqueIdentifier>{210ca4e2-4225-42f0-8c48-908974165a9a}</UniqueIdentifier>
    </Filter>
    <Filter Include="Utillity\Math">
      <UniqueIdentifier>{bbdb0008-9cfc-4c4c-801f-7909200dd01c}</UniqueIdentifier>
    </Filter>
    <Filter Include="Actor\Gimmick\Mine">
      <UniqueIdentifier>{f416ee63-efc5-43c3-931a-185d7c9e3a78}</UniqueIdentifier>
    </Filter>
    <Filter Include="Actor\Gimmick\TNT">
      <UniqueIdentifier>{6030b69b-67b1-405c-b18e-aff4dfe20118}</UniqueIdentifier>
    </Filter>
    <Filter Include="Actor\Explode">
      <UniqueIdentifier>{df561fd6-b343-41d0-9c1f-489273a23e84}</UniqueIdentifier>
    </Filter>
    <Filter Include="Actor\Bullet\RedBullet">
      <UniqueIdentifier>{6ade2d66-d421-4e9d-8a5c-24bb55034793}</UniqueIdentifier>
    </Filter>
    <Filter Include="Actor\Bullet\GreenBullet">
      <UniqueIdentifier>{51c7ed0a-1e03-4f6f-b691-94d1a0639acd}</UniqueIdentifier>
    </Filter>
    <Filter Include="UI\BulletTypeUI">
      <UniqueIdentifier>{a1668d48-cd39-4a5b-bd01-05e01549d650}</UniqueIdentifier>
    </Filter>
    <Filter Include="Actor\Enemy\EnemyB">
      <UniqueIdentifier>{51d2d072-ed59-4c15-afee-76635a99111b}</UniqueIdentifier>
    </Filter>
    <Filter Include="Mode\ModeGameOver">
      <UniqueIdentifier>{3eba0942-82ea-4733-8b56-93b2d7a061a1}</UniqueIdentifier>
    </Filter>
    <Filter Include="Actor\Enemy\EnemyA">
      <UniqueIdentifier>{77579d49-4261-47c1-9593-41b46c98da45}</UniqueIdentifier>
    </Filter>
    <Filter Include="UI\DamageCut">
      <UniqueIdentifier>{7778f93b-20d4-4f4e-86e7-c79d86e332cc}</UniqueIdentifier>
    </Filter>
    <Filter Include="UI\FoundUI">
      <UniqueIdentifier>{ac759778-67ee-49ac-97a9-99cbbc35ebe1}</UniqueIdentifier>
    </Filter>
    <Filter Include="Actor\Gimmick\StickeyBomb">
      <UniqueIdentifier>{c6d69787-46c6-4959-be14-7d79ae2ee842}</UniqueIdentifier>
    </Filter>
    <Filter Include="UI\StickyUI">
      <UniqueIdentifier>{decde859-b06f-4849-bc2e-e1e7451ef392}</UniqueIdentifier>
    </Filter>
    <Filter Include="Actor\Effect">
      <UniqueIdentifier>{d775fd27-0b80-4950-afc5-eaca01ee048c}</UniqueIdentifier>
    </Filter>
    <Filter Include="Actor\Effect\FX_Boom">
      <UniqueIdentifier>{ed800ace-7fcb-4acc-bf34-0a727fba3893}</UniqueIdentifier>
    </Filter>
    <Filter Include="Actor\Gimmick\BreakableObject">
      <UniqueIdentifier>{b04fb6b3-155b-401f-80fa-f2bffa4c2cfc}</UniqueIdentifier>
    </Filter>
    <Filter Include="Actor\Effect\FX_Chargein">
      <UniqueIdentifier>{22fce11b-3d78-4031-8278-028c89424ee2}</UniqueIdentifier>
    </Filter>
    <Filter Include="Actor\Effect\FX_Chargenow">
      <UniqueIdentifier>{612b11ad-d24e-4f43-b3cc-fcfe7a3595c8}</UniqueIdentifier>
    </Filter>
    <Filter Include="Actor\Effect\FX_BulletHit">
      <UniqueIdentifier>{b3f4005f-9136-4a85-b50c-a0eabcb3033f}</UniqueIdentifier>
    </Filter>
    <Filter Include="Actor\Boss">
      <UniqueIdentifier>{0f365b0e-8da2-495f-9fe6-a48ca3329bc3}</UniqueIdentifier>
    </Filter>
    <Filter Include="Actor\BossCanon">
      <UniqueIdentifier>{60f71a29-ad72-4a82-a92f-5d7b59cf7e55}</UniqueIdentifier>
    </Filter>
    <Filter Include="Actor\BossMissile">
      <UniqueIdentifier>{09588f22-3944-4159-9759-5d6cee248159}</UniqueIdentifier>
    </Filter>
    <Filter Include="Actor\DisplayArea">
      <UniqueIdentifier>{5344e87a-f9c2-4dc1-9f7b-8fef0ee4240a}</UniqueIdentifier>
    </Filter>
    <Filter Include="Resource\LoadResources">
      <UniqueIdentifier>{523124bf-17d0-49ca-acea-9754652858bf}</UniqueIdentifier>
    </Filter>
    <Filter Include="UI\ButtonIcon">
      <UniqueIdentifier>{45282fde-3c95-496e-abeb-84f489271e87}</UniqueIdentifier>
    </Filter>
    <Filter Include="Actor\Light\LaserLight">
      <UniqueIdentifier>{5d7ac3c6-523a-41ab-a210-f2ba318efe80}</UniqueIdentifier>
    </Filter>
    <Filter Include="UI\OobjectiveUI">
      <UniqueIdentifier>{f5ac1920-582e-4b45-8f4a-9d2b8f425fe5}</UniqueIdentifier>
    </Filter>
    <Filter Include="Mode\ModeStart">
      <UniqueIdentifier>{26e49214-e9cf-4b9c-96dd-1ebd2aed2900}</UniqueIdentifier>
    </Filter>
    <Filter Include="Actor\Gimmick\DegitalLetter">
      <UniqueIdentifier>{d4dd2594-6fb3-4f52-819e-3502bc63289d}</UniqueIdentifier>
    </Filter>
    <Filter Include="UI\MessageWindow">
      <UniqueIdentifier>{0a63cb60-238e-4e2d-bdbb-2ec16e7c1591}</UniqueIdentifier>
    </Filter>
    <Filter Include="Actor\Gimmick\BigGenerator">
      <UniqueIdentifier>{f99f4aae-652a-4a37-aba0-5287397faecd}</UniqueIdentifier>
    </Filter>
    <Filter Include="Actor\Gimmick\BigGun">
      <UniqueIdentifier>{307af975-d997-419f-89c7-3f0d4892546f}</UniqueIdentifier>
    </Filter>
    <Filter Include="Actor\Gimmick\BigServer">
      <UniqueIdentifier>{3717f5cd-b034-4e2a-af43-70b1675035bb}</UniqueIdentifier>
    </Filter>
    <Filter Include="Actor\Light\SignalLight">
      <UniqueIdentifier>{69eddd48-1d71-45c0-b1d8-f2f177efbc23}</UniqueIdentifier>
    </Filter>
    <Filter Include="UI\BigServerUI">
      <UniqueIdentifier>{1219c36b-1b9a-4fad-9e3e-6b2114b2877c}</UniqueIdentifier>
    </Filter>
    <Filter Include="Actor\BossGimmickController">
      <UniqueIdentifier>{3289acb1-9728-4af8-bf10-835b56e55eea}</UniqueIdentifier>
    </Filter>
    <Filter Include="UI\AimUI">
      <UniqueIdentifier>{061f6fcf-ef83-4f43-949b-0d2ec3c45f82}</UniqueIdentifier>
    </Filter>
    <Filter Include="Actor\Gimmick\SwitchArea">
      <UniqueIdentifier>{6f59102c-9a07-421c-89a5-c50f2af09b84}</UniqueIdentifier>
    </Filter>
    <Filter Include="Actor\Gimmick\ScreenPump">
      <UniqueIdentifier>{5228110c-bed4-46f9-bcb9-114e5eca5eb9}</UniqueIdentifier>
    </Filter>
    <Filter Include="Actor\Light\LinkLight">
      <UniqueIdentifier>{fe61cb88-1fc1-45f0-aa0f-467efad53183}</UniqueIdentifier>
    </Filter>
    <Filter Include="Actor\Gimmick\Barrirer">
      <UniqueIdentifier>{d35b2165-198e-463a-9fcc-0a4db9ea633e}</UniqueIdentifier>
    </Filter>
    <Filter Include="ScreenEffect">
      <UniqueIdentifier>{791e1569-c851-4cb5-8d89-6b12decf9f19}</UniqueIdentifier>
    </Filter>
    <Filter Include="UI\FinishCut">
      <UniqueIdentifier>{a74989c6-b4ba-4ccf-ac3e-b9484560d7b4}</UniqueIdentifier>
    </Filter>
    <Filter Include="Actor\Effect\FX_Thunder">
      <UniqueIdentifier>{330e31e4-7794-48a3-a471-cdea964a998e}</UniqueIdentifier>
    </Filter>
    <Filter Include="Actor\Effect\FX_HeadButt">
      <UniqueIdentifier>{b010cc6f-807d-42ff-a55f-17418b82079f}</UniqueIdentifier>
    </Filter>
    <Filter Include="Actor\Effect\FX_BossFire">
      <UniqueIdentifier>{47d3aad6-4abd-4d12-a6ea-fda1e7bb3a4a}</UniqueIdentifier>
    </Filter>
    <Filter Include="Utillity\Collision">
      <UniqueIdentifier>{38b7f6dc-d876-4b8c-bc15-eb3cdf0e9576}</UniqueIdentifier>
    </Filter>
    <Filter Include="Actor\Effect\FX_Teleport">
      <UniqueIdentifier>{7cb9638d-8eda-4702-9069-18ed88e5fc60}</UniqueIdentifier>
    </Filter>
  </ItemGroup>
  <ItemGroup>
    <ClCompile Include="WinMain.cpp">
      <Filter>WinMain</Filter>
    </ClCompile>
    <ClCompile Include="Camera.cpp">
      <Filter>Camera</Filter>
    </ClCompile>
    <ClCompile Include="Game.cpp">
      <Filter>Game</Filter>
    </ClCompile>
    <ClCompile Include="InputManager.cpp">
      <Filter>InputManager</Filter>
    </ClCompile>
    <ClCompile Include="SplitWindow.cpp">
      <Filter>SplitWindow</Filter>
    </ClCompile>
    <ClCompile Include="MapChip.cpp">
      <Filter>MapChip</Filter>
    </ClCompile>
    <ClCompile Include="Math.cpp">
      <Filter>Utillity\Math</Filter>
    </ClCompile>
    <ClCompile Include="Actor.cpp">
      <Filter>Actor</Filter>
    </ClCompile>
    <ClCompile Include="Player.cpp">
      <Filter>Actor\Player</Filter>
    </ClCompile>
    <ClCompile Include="ImageServer.cpp">
      <Filter>Resource\ImageServer</Filter>
    </ClCompile>
    <ClCompile Include="ActorServer.cpp">
      <Filter>ActorServer</Filter>
    </ClCompile>
    <ClCompile Include="Collision.cpp">
      <Filter>Utillity\Collision</Filter>
    </ClCompile>
    <ClCompile Include="Enemy.cpp">
      <Filter>Actor\Enemy</Filter>
    </ClCompile>
    <ClCompile Include="Darkness.cpp">
      <Filter>Darkness</Filter>
    </ClCompile>
    <ClCompile Include="LightBase.cpp">
      <Filter>Actor\Light</Filter>
    </ClCompile>
    <ClCompile Include="Bullet.cpp">
      <Filter>Actor\Bullet</Filter>
    </ClCompile>
    <ClCompile Include="ModeBase.cpp">
      <Filter>Mode</Filter>
    </ClCompile>
    <ClCompile Include="ModeGame.cpp">
      <Filter>Mode\ModeGame</Filter>
    </ClCompile>
    <ClCompile Include="ModeServer.cpp">
      <Filter>ModeServer</Filter>
    </ClCompile>
    <ClCompile Include="MiniMap.cpp">
      <Filter>UI\MiniMap</Filter>
    </ClCompile>
    <ClCompile Include="UIBase.cpp">
      <Filter>UI</Filter>
    </ClCompile>
    <ClCompile Include="ProjectionLight.cpp">
      <Filter>Actor\Light\ProjectionLight</Filter>
    </ClCompile>
    <ClCompile Include="BlinkLight.cpp">
      <Filter>Actor\Light\BlinkLight</Filter>
    </ClCompile>
    <ClCompile Include="Pause.cpp">
      <Filter>UI\PauseMenu</Filter>
    </ClCompile>
    <ClCompile Include="BulletItem.cpp">
      <Filter>Actor\Item\BulletItem</Filter>
    </ClCompile>
    <ClCompile Include="HPItem.cpp">
      <Filter>Actor\Item\HPItem</Filter>
    </ClCompile>
    <ClCompile Include="ServerMachine.cpp">
      <Filter>Actor\ServerMachine</Filter>
    </ClCompile>
    <ClCompile Include="ServerMachineUI.cpp">
      <Filter>UI\ServerMachineUI</Filter>
    </ClCompile>
    <ClCompile Include="SoundServer.cpp">
      <Filter>Resource\SoundServer</Filter>
    </ClCompile>
    <ClCompile Include="EnemyVIP.cpp">
      <Filter>Actor\Enemy\EnemyVIP</Filter>
    </ClCompile>
    <ClCompile Include="UnstableLight.cpp">
      <Filter>Actor\Light\UnstableLight</Filter>
    </ClCompile>
    <ClCompile Include="EnemyGenerator.cpp">
      <Filter>Utillity\EnemyGenerator</Filter>
    </ClCompile>
    <ClCompile Include="ModeMovie.cpp">
      <Filter>Mode\ModeMovie</Filter>
    </ClCompile>
    <ClCompile Include="PlayerA.cpp">
      <Filter>Actor\Player\PlayerAB</Filter>
    </ClCompile>
    <ClCompile Include="PlayerB.cpp">
      <Filter>Actor\Player\PlayerAB</Filter>
    </ClCompile>
    <ClCompile Include="HPUI.cpp">
      <Filter>UI\HP</Filter>
    </ClCompile>
    <ClCompile Include="SquareLight.cpp">
      <Filter>Actor\Light\SquereLight</Filter>
    </ClCompile>
    <ClCompile Include="FloorLamp.cpp">
      <Filter>Actor\Gimmick\FloorLamp</Filter>
    </ClCompile>
    <ClCompile Include="Teleporter.cpp">
      <Filter>Actor\Gimmick\Tereporter</Filter>
    </ClCompile>
    <ClCompile Include="Switch.cpp">
      <Filter>Actor\Gimmick\Switch</Filter>
    </ClCompile>
    <ClCompile Include="Gimmick.cpp">
      <Filter>Actor\Gimmick</Filter>
    </ClCompile>
    <ClCompile Include="TileSetLoad.cpp">
      <Filter>MapChip</Filter>
    </ClCompile>
    <ClCompile Include="AmmoUI.cpp">
      <Filter>UI\AmmoUI</Filter>
    </ClCompile>
    <ClCompile Include="Easing.cpp">
      <Filter>Utillity\Easing</Filter>
    </ClCompile>
    <ClCompile Include="Door.cpp">
      <Filter>Actor\Gimmick\Door</Filter>
    </ClCompile>
    <ClCompile Include="Mine.cpp">
      <Filter>Actor\Gimmick\Mine</Filter>
    </ClCompile>
    <ClCompile Include="TNT.cpp">
      <Filter>Actor\Gimmick\TNT</Filter>
    </ClCompile>
    <ClCompile Include="Explode.cpp">
      <Filter>Actor\Explode</Filter>
    </ClCompile>
    <ClCompile Include="RedBullet.cpp">
      <Filter>Actor\Bullet\RedBullet</Filter>
    </ClCompile>
    <ClCompile Include="GreenBullet.cpp">
      <Filter>Actor\Bullet\GreenBullet</Filter>
    </ClCompile>
    <ClCompile Include="BulletTypeUI.cpp">
      <Filter>UI\BulletTypeUI</Filter>
    </ClCompile>
    <ClCompile Include="EnemyB.cpp">
      <Filter>Actor\Enemy\EnemyB</Filter>
    </ClCompile>
    <ClCompile Include="ModeGameOver.cpp">
      <Filter>Mode\ModeGameOver</Filter>
    </ClCompile>
    <ClCompile Include="ObjectDataStructs.cpp">
      <Filter>MapChip</Filter>
    </ClCompile>
    <ClCompile Include="EnemyA.cpp">
      <Filter>Actor\Enemy\EnemyA</Filter>
    </ClCompile>
    <ClCompile Include="DamageCut.cpp">
      <Filter>UI\DamageCut</Filter>
    </ClCompile>
    <ClCompile Include="FoundUI.cpp">
      <Filter>UI\FoundUI</Filter>
    </ClCompile>
    <ClCompile Include="StickeyBomb.cpp">
      <Filter>Actor\Gimmick\StickeyBomb</Filter>
    </ClCompile>
    <ClCompile Include="StickyUI.cpp">
      <Filter>UI\StickyUI</Filter>
    </ClCompile>
    <ClCompile Include="Effect.cpp">
      <Filter>Actor\Effect</Filter>
    </ClCompile>
    <ClCompile Include="FX_Boom.cpp">
      <Filter>Actor\Effect\FX_Boom</Filter>
    </ClCompile>
    <ClCompile Include="BreakableObject.cpp">
      <Filter>Actor\Gimmick\BreakableObject</Filter>
    </ClCompile>
    <ClCompile Include="FX_Chargein.cpp">
      <Filter>Actor\Effect\FX_Chargein</Filter>
    </ClCompile>
    <ClCompile Include="FX_Chargenow.cpp">
      <Filter>Actor\Effect\FX_Chargenow</Filter>
    </ClCompile>
    <ClCompile Include="FX_BulletHit.cpp">
      <Filter>Actor\Effect\FX_BulletHit</Filter>
    </ClCompile>
    <ClCompile Include="Boss.cpp">
      <Filter>Actor\Boss</Filter>
    </ClCompile>
    <ClCompile Include="BossCanon.cpp">
      <Filter>Actor\BossCanon</Filter>
    </ClCompile>
    <ClCompile Include="DisplayArea.cpp">
      <Filter>Actor\DisplayArea</Filter>
    </ClCompile>
    <ClCompile Include="BossMissile.cpp">
      <Filter>Actor\BossMissile</Filter>
    </ClCompile>
    <ClCompile Include="LoadResources.cpp">
      <Filter>Resource\LoadResources</Filter>
    </ClCompile>
    <ClCompile Include="ButtonIcon.cpp">
      <Filter>UI\ButtonIcon</Filter>
    </ClCompile>
    <ClCompile Include="LaserLight.cpp">
      <Filter>Actor\Light\LaserLight</Filter>
    </ClCompile>
    <ClCompile Include="ObjectiveUI.cpp">
      <Filter>UI\OobjectiveUI</Filter>
    </ClCompile>
    <ClCompile Include="ModeStart.cpp">
      <Filter>Mode\ModeStart</Filter>
    </ClCompile>
    <ClCompile Include="DegitalLetter.cpp">
      <Filter>Actor\Gimmick\DegitalLetter</Filter>
    </ClCompile>
    <ClCompile Include="MessageWindow.cpp">
      <Filter>UI\MessageWindow</Filter>
    </ClCompile>
    <ClCompile Include="BigGenerator.cpp">
      <Filter>Actor\Gimmick\BigGenerator</Filter>
    </ClCompile>
    <ClCompile Include="BigGun.cpp">
      <Filter>Actor\Gimmick\BigGun</Filter>
    </ClCompile>
    <ClCompile Include="BigServer.cpp">
      <Filter>Actor\Gimmick\BigServer</Filter>
    </ClCompile>
    <ClCompile Include="SignalLight.cpp">
      <Filter>Actor\Light\SignalLight</Filter>
    </ClCompile>
    <ClCompile Include="BossGimmickController.cpp">
      <Filter>Actor\BossGimmickController</Filter>
    </ClCompile>
    <ClCompile Include="BigServerUI.cpp">
      <Filter>UI\BigServerUI</Filter>
    </ClCompile>
    <ClCompile Include="AimUI.cpp">
      <Filter>UI\AimUI</Filter>
    </ClCompile>
    <ClCompile Include="SwitchArea.cpp">
      <Filter>Actor\Gimmick\SwitchArea</Filter>
    </ClCompile>
    <ClCompile Include="ScreenPump.cpp">
      <Filter>Actor\Gimmick\ScreenPump</Filter>
    </ClCompile>
    <ClCompile Include="ソース.cpp">
      <Filter>WinMain</Filter>
    </ClCompile>
    <ClCompile Include="LinkLight.cpp">
      <Filter>Actor\Light\LinkLight</Filter>
    </ClCompile>
    <ClCompile Include="Barrier.cpp">
      <Filter>Actor\Gimmick\Barrirer</Filter>
    </ClCompile>
    <ClCompile Include="FinishCut.cpp">
      <Filter>UI\FinishCut</Filter>
    </ClCompile>
    <ClCompile Include="FX_Thunder.cpp">
      <Filter>Actor\Effect\FX_Thunder</Filter>
    </ClCompile>
    <ClCompile Include="FX_BossFire.cpp">
      <Filter>Actor\Effect\FX_BossFire</Filter>
    </ClCompile>
    <ClCompile Include="FX_HeadButt.cpp">
      <Filter>Actor\Effect\FX_HeadButt</Filter>
    </ClCompile>
    <ClCompile Include="FX_Teleport.cpp">
      <Filter>Actor\Effect\FX_Teleport</Filter>
    </ClCompile>
  </ItemGroup>
  <ItemGroup>
    <ClInclude Include="Camera.h">
      <Filter>Camera</Filter>
    </ClInclude>
    <ClInclude Include="Game.h">
      <Filter>Game</Filter>
    </ClInclude>
    <ClInclude Include="InputManager.h">
      <Filter>InputManager</Filter>
    </ClInclude>
    <ClInclude Include="SplitWindow.h">
      <Filter>SplitWindow</Filter>
    </ClInclude>
    <ClInclude Include="MapChip.h">
      <Filter>MapChip</Filter>
    </ClInclude>
    <ClInclude Include="Math.h">
      <Filter>Utillity\Math</Filter>
    </ClInclude>
    <ClInclude Include="picojson\picojson.h">
      <Filter>picojson</Filter>
    </ClInclude>
    <ClInclude Include="Actor.h">
      <Filter>Actor</Filter>
    </ClInclude>
    <ClInclude Include="Player.h">
      <Filter>Actor\Player</Filter>
    </ClInclude>
    <ClInclude Include="ImageServer.h">
      <Filter>Resource\ImageServer</Filter>
    </ClInclude>
    <ClInclude Include="ActorServer.h">
      <Filter>ActorServer</Filter>
    </ClInclude>
    <ClInclude Include="Collision.h">
      <Filter>Utillity\Collision</Filter>
    </ClInclude>
    <ClInclude Include="Enemy.h">
      <Filter>Actor\Enemy</Filter>
    </ClInclude>
    <ClInclude Include="Darkness.h">
      <Filter>Darkness</Filter>
    </ClInclude>
    <ClInclude Include="LightBase.h">
      <Filter>Actor\Light</Filter>
    </ClInclude>
    <ClInclude Include="Bullet.h">
      <Filter>Actor\Bullet</Filter>
    </ClInclude>
    <ClInclude Include="ModeBase.h">
      <Filter>Mode</Filter>
    </ClInclude>
    <ClInclude Include="ModeGame.h">
      <Filter>Mode\ModeGame</Filter>
    </ClInclude>
    <ClInclude Include="ModeServer.h">
      <Filter>ModeServer</Filter>
    </ClInclude>
    <ClInclude Include="MiniMap.h">
      <Filter>UI\MiniMap</Filter>
    </ClInclude>
    <ClInclude Include="UIBase.h">
      <Filter>UI</Filter>
    </ClInclude>
    <ClInclude Include="ProjectionLight.h">
      <Filter>Actor\Light\ProjectionLight</Filter>
    </ClInclude>
    <ClInclude Include="BlinkLight.h">
      <Filter>Actor\Light\BlinkLight</Filter>
    </ClInclude>
    <ClInclude Include="Pause.h">
      <Filter>UI\PauseMenu</Filter>
    </ClInclude>
    <ClInclude Include="BulletItem.h">
      <Filter>Actor\Item\BulletItem</Filter>
    </ClInclude>
    <ClInclude Include="HPItem.h">
      <Filter>Actor\Item\HPItem</Filter>
    </ClInclude>
    <ClInclude Include="ServerMachine.h">
      <Filter>Actor\ServerMachine</Filter>
    </ClInclude>
    <ClInclude Include="ServerMachineUI.h">
      <Filter>UI\ServerMachineUI</Filter>
    </ClInclude>
    <ClInclude Include="SoundServer.h">
      <Filter>Resource\SoundServer</Filter>
    </ClInclude>
    <ClInclude Include="EnemyVIP.h">
      <Filter>Actor\Enemy\EnemyVIP</Filter>
    </ClInclude>
    <ClInclude Include="UnstableLight.h">
      <Filter>Actor\Light\UnstableLight</Filter>
    </ClInclude>
    <ClInclude Include="EnemyGenerator.h">
      <Filter>Utillity\EnemyGenerator</Filter>
    </ClInclude>
    <ClInclude Include="ModeMovie.h">
      <Filter>Mode\ModeMovie</Filter>
    </ClInclude>
    <ClInclude Include="PlayerA.h">
      <Filter>Actor\Player\PlayerAB</Filter>
    </ClInclude>
    <ClInclude Include="PlayerB.h">
      <Filter>Actor\Player\PlayerAB</Filter>
    </ClInclude>
    <ClInclude Include="HPUI.h">
      <Filter>UI\HP</Filter>
    </ClInclude>
    <ClInclude Include="SquareLight.h">
      <Filter>Actor\Light\SquereLight</Filter>
    </ClInclude>
    <ClInclude Include="FloorLamp.h">
      <Filter>Actor\Gimmick\FloorLamp</Filter>
    </ClInclude>
    <ClInclude Include="Teleporter.h">
      <Filter>Actor\Gimmick\Tereporter</Filter>
    </ClInclude>
    <ClInclude Include="Switch.h">
      <Filter>Actor\Gimmick\Switch</Filter>
    </ClInclude>
    <ClInclude Include="Gimmick.h">
      <Filter>Actor\Gimmick</Filter>
    </ClInclude>
    <ClInclude Include="TileSetLoad.h">
      <Filter>MapChip</Filter>
    </ClInclude>
    <ClInclude Include="AmmoUI.h">
      <Filter>UI\AmmoUI</Filter>
    </ClInclude>
    <ClInclude Include="Easing.h">
      <Filter>Utillity\Easing</Filter>
    </ClInclude>
    <ClInclude Include="Door.h">
      <Filter>Actor\Gimmick\Door</Filter>
    </ClInclude>
    <ClInclude Include="Mine.h">
      <Filter>Actor\Gimmick\Mine</Filter>
    </ClInclude>
    <ClInclude Include="Explode.h">
      <Filter>Actor\Explode</Filter>
    </ClInclude>
    <ClInclude Include="RedBullet.h">
      <Filter>Actor\Bullet\RedBullet</Filter>
    </ClInclude>
    <ClInclude Include="GreenBullet.h">
      <Filter>Actor\Bullet\GreenBullet</Filter>
    </ClInclude>
    <ClInclude Include="BulletTypeUI.h">
      <Filter>UI\BulletTypeUI</Filter>
    </ClInclude>
    <ClInclude Include="EnemyB.h">
      <Filter>Actor\Enemy\EnemyB</Filter>
    </ClInclude>
    <ClInclude Include="ModeGameOver.h">
      <Filter>Mode\ModeGameOver</Filter>
    </ClInclude>
    <ClInclude Include="ObjectDataStructs.h">
      <Filter>MapChip</Filter>
    </ClInclude>
    <ClInclude Include="TNT.h">
      <Filter>Actor\Gimmick\TNT</Filter>
    </ClInclude>
    <ClInclude Include="EnemyA.h">
      <Filter>Actor\Enemy\EnemyA</Filter>
    </ClInclude>
    <ClInclude Include="DamageCut.h">
      <Filter>UI\DamageCut</Filter>
    </ClInclude>
    <ClInclude Include="FoundUI.h">
      <Filter>UI\FoundUI</Filter>
    </ClInclude>
    <ClInclude Include="StickeyBomb.h">
      <Filter>Actor\Gimmick\StickeyBomb</Filter>
    </ClInclude>
    <ClInclude Include="StickyUI.h">
      <Filter>UI\StickyUI</Filter>
    </ClInclude>
    <ClInclude Include="Effect.h">
      <Filter>Actor\Effect</Filter>
    </ClInclude>
    <ClInclude Include="FX_Boom.h">
      <Filter>Actor\Effect\FX_Boom</Filter>
    </ClInclude>
    <ClInclude Include="BreakableObject.h">
      <Filter>Actor\Gimmick\BreakableObject</Filter>
    </ClInclude>
    <ClInclude Include="FX_Chargein.h">
      <Filter>Actor\Effect\FX_Chargein</Filter>
    </ClInclude>
    <ClInclude Include="FX_Chargenow.h">
      <Filter>Actor\Effect\FX_Chargenow</Filter>
    </ClInclude>
    <ClInclude Include="FX_BulletHit.h">
      <Filter>Actor\Effect\FX_BulletHit</Filter>
    </ClInclude>
    <ClInclude Include="Boss.h">
      <Filter>Actor\Boss</Filter>
    </ClInclude>
    <ClInclude Include="BossCanon.h">
      <Filter>Actor\BossCanon</Filter>
    </ClInclude>
    <ClInclude Include="DisplayArea.h">
      <Filter>Actor\DisplayArea</Filter>
    </ClInclude>
    <ClInclude Include="BossMissile.h">
      <Filter>Actor\BossMissile</Filter>
    </ClInclude>
    <ClInclude Include="LoadResources.h">
      <Filter>Resource\LoadResources</Filter>
    </ClInclude>
    <ClInclude Include="ButtonIcon.h">
      <Filter>UI\ButtonIcon</Filter>
    </ClInclude>
    <ClInclude Include="LaserLight.h">
      <Filter>Actor\Light\LaserLight</Filter>
    </ClInclude>
    <ClInclude Include="ObjectiveUI.h">
      <Filter>UI\OobjectiveUI</Filter>
    </ClInclude>
    <ClInclude Include="ModeStart.h">
      <Filter>Mode\ModeStart</Filter>
    </ClInclude>
    <ClInclude Include="DegitalLetter.h">
      <Filter>Actor\Gimmick\DegitalLetter</Filter>
    </ClInclude>
    <ClInclude Include="MessageWindow.h">
      <Filter>UI\MessageWindow</Filter>
    </ClInclude>
    <ClInclude Include="BigGenerator.h">
      <Filter>Actor\Gimmick\BigGenerator</Filter>
    </ClInclude>
    <ClInclude Include="BigGun.h">
      <Filter>Actor\Gimmick\BigGun</Filter>
    </ClInclude>
    <ClInclude Include="BigServer.h">
      <Filter>Actor\Gimmick\BigServer</Filter>
    </ClInclude>
    <ClInclude Include="SignalLight.h">
      <Filter>Actor\Light\SignalLight</Filter>
    </ClInclude>
    <ClInclude Include="BossGimmickController.h">
      <Filter>Actor\BossGimmickController</Filter>
    </ClInclude>
    <ClInclude Include="BigServerUI.h">
      <Filter>UI\BigServerUI</Filter>
    </ClInclude>
    <ClInclude Include="strconv\strconv.h">
      <Filter>picojson</Filter>
    </ClInclude>
    <ClInclude Include="AimUI.h">
      <Filter>UI\AimUI</Filter>
    </ClInclude>
    <ClInclude Include="SwitchArea.h">
      <Filter>Actor\Gimmick\SwitchArea</Filter>
    </ClInclude>
    <ClInclude Include="ScreenPump.h">
      <Filter>Actor\Gimmick\ScreenPump</Filter>
    </ClInclude>
    <ClInclude Include="LinkLight.h">
      <Filter>Actor\Light\LinkLight</Filter>
    </ClInclude>
    <ClInclude Include="Barrier.h">
      <Filter>Actor\Gimmick\Barrirer</Filter>
    </ClInclude>
    <ClInclude Include="FinishCut.h">
      <Filter>UI\FinishCut</Filter>
    </ClInclude>
    <ClInclude Include="FX_Thunder.h">
      <Filter>Actor\Effect\FX_Thunder</Filter>
    </ClInclude>
    <ClInclude Include="FX_BossFire.h">
      <Filter>Actor\Effect\FX_BossFire</Filter>
    </ClInclude>
    <ClInclude Include="FX_HeadButt.h">
      <Filter>Actor\Effect\FX_HeadButt</Filter>
    </ClInclude>
    <ClInclude Include="FX_Teleport.h">
      <Filter>Actor\Effect\FX_Teleport</Filter>
    </ClInclude>
  </ItemGroup>
</Project>