<?xml version="1.0" encoding="utf-8"?>
<Project ToolsVersion="4.0" xmlns="http://schemas.microsoft.com/developer/msbuild/2003">
  <ItemGroup>
    <Filter Include="リソース ファイル">
      <UniqueIdentifier>{67DA6AB6-F800-4c08-8B7A-83BB121AAD01}</UniqueIdentifier>
      <Extensions>rc;ico;cur;bmp;dlg;rc2;rct;bin;rgs;gif;jpg;jpeg;jpe;resx;tiff;tif;png;wav;mfcribbon-ms</Extensions>
    </Filter>
    <Filter Include="Camera">
      <UniqueIdentifier>{edcc1e17-47a2-48fd-a995-39a030dfc946}</UniqueIdentifier>
    </Filter>
    <Filter Include="Game">
      <UniqueIdentifier>{72c0dfca-6499-4ce6-8dd7-f1e808c7fbbc}</UniqueIdentifier>
    </Filter>
    <Filter Include="InputManager">
      <UniqueIdentifier>{f81c19e4-a4aa-4178-b23a-e54a65b5a38b}</UniqueIdentifier>
    </Filter>
    <Filter Include="SplitWindow">
      <UniqueIdentifier>{008cd51b-23ed-4559-81de-e8977446d77a}</UniqueIdentifier>
    </Filter>
    <Filter Include="MapChip">
      <UniqueIdentifier>{8e83c6a0-2072-48f4-a386-4ffed9bf938c}</UniqueIdentifier>
    </Filter>
    <Filter Include="Math">
      <UniqueIdentifier>{bbdb0008-9cfc-4c4c-801f-7909200dd01c}</UniqueIdentifier>
    </Filter>
    <Filter Include="WinMain">
      <UniqueIdentifier>{4FC737F1-C7A5-4376-A066-2A32D752A2FF}</UniqueIdentifier>
      <Extensions>cpp;c;cc;cxx;c++;cppm;ixx;def;odl;idl;hpj;bat;asm;asmx</Extensions>
    </Filter>
    <Filter Include="picojson">
      <UniqueIdentifier>{93995380-89BD-4b04-88EB-625FBE52EBFB}</UniqueIdentifier>
      <Extensions>h;hh;hpp;hxx;h++;hm;inl;inc;ipp;xsd</Extensions>
    </Filter>
  </ItemGroup>
  <ItemGroup>
    <ClCompile Include="WinMain.cpp">
      <Filter>WinMain</Filter>
    </ClCompile>
    <ClCompile Include="Camera.cpp">
      <Filter>Camera</Filter>
    </ClCompile>
    <ClCompile Include="Game.cpp">
      <Filter>Game</Filter>
    </ClCompile>
    <ClCompile Include="InputManager.cpp">
      <Filter>InputManager</Filter>
    </ClCompile>
    <ClCompile Include="SplitWindow.cpp">
      <Filter>SplitWindow</Filter>
    </ClCompile>
    <ClCompile Include="MapChip.cpp">
      <Filter>MapChip</Filter>
    </ClCompile>
    <ClCompile Include="Math.cpp">
      <Filter>Math</Filter>
    </ClCompile>
  </ItemGroup>
  <ItemGroup>
    <ClInclude Include="Camera.h">
      <Filter>Camera</Filter>
    </ClInclude>
    <ClInclude Include="Game.h">
      <Filter>Game</Filter>
    </ClInclude>
    <ClInclude Include="InputManager.h">
      <Filter>InputManager</Filter>
    </ClInclude>
    <ClInclude Include="SplitWindow.h">
      <Filter>SplitWindow</Filter>
    </ClInclude>
    <ClInclude Include="MapChip.h">
      <Filter>MapChip</Filter>
    </ClInclude>
    <ClInclude Include="Math.h">
      <Filter>Math</Filter>
    </ClInclude>
    <ClInclude Include="picojson\picojson.h">
      <Filter>picojson</Filter>
    </ClInclude>
  </ItemGroup>
</Project>