<?xml version="1.0" encoding="utf-8"?>
<Project ToolsVersion="4.0" xmlns="http://schemas.microsoft.com/developer/msbuild/2003">
  <ItemGroup>
    <Filter Include="リソース ファイル">
      <UniqueIdentifier>{67DA6AB6-F800-4c08-8B7A-83BB121AAD01}</UniqueIdentifier>
      <Extensions>rc;ico;cur;bmp;dlg;rc2;rct;bin;rgs;gif;jpg;jpeg;jpe;resx;tiff;tif;png;wav;mfcribbon-ms</Extensions>
    </Filter>
    <Filter Include="Camera">
      <UniqueIdentifier>{edcc1e17-47a2-48fd-a995-39a030dfc946}</UniqueIdentifier>
    </Filter>
    <Filter Include="Game">
      <UniqueIdentifier>{72c0dfca-6499-4ce6-8dd7-f1e808c7fbbc}</UniqueIdentifier>
    </Filter>
    <Filter Include="InputManager">
      <UniqueIdentifier>{f81c19e4-a4aa-4178-b23a-e54a65b5a38b}</UniqueIdentifier>
    </Filter>
    <Filter Include="SplitWindow">
      <UniqueIdentifier>{008cd51b-23ed-4559-81de-e8977446d77a}</UniqueIdentifier>
    </Filter>
    <Filter Include="MapChip">
      <UniqueIdentifier>{8e83c6a0-2072-48f4-a386-4ffed9bf938c}</UniqueIdentifier>
    </Filter>
    <Filter Include="Math">
      <UniqueIdentifier>{bbdb0008-9cfc-4c4c-801f-7909200dd01c}</UniqueIdentifier>
    </Filter>
    <Filter Include="WinMain">
      <UniqueIdentifier>{4FC737F1-C7A5-4376-A066-2A32D752A2FF}</UniqueIdentifier>
      <Extensions>cpp;c;cc;cxx;c++;cppm;ixx;def;odl;idl;hpj;bat;asm;asmx</Extensions>
    </Filter>
    <Filter Include="picojson">
      <UniqueIdentifier>{93995380-89BD-4b04-88EB-625FBE52EBFB}</UniqueIdentifier>
      <Extensions>h;hh;hpp;hxx;h++;hm;inl;inc;ipp;xsd</Extensions>
    </Filter>
    <Filter Include="Actor">
      <UniqueIdentifier>{663c77fc-08a5-49a1-8ab9-4358b4c375cb}</UniqueIdentifier>
    </Filter>
    <Filter Include="Actor\Player">
      <UniqueIdentifier>{9da644b0-0263-4a00-9b22-812deb9446f0}</UniqueIdentifier>
    </Filter>
    <Filter Include="Resource">
      <UniqueIdentifier>{c7f82701-27bd-4973-8e97-81e484daa3c0}</UniqueIdentifier>
    </Filter>
    <Filter Include="Resource\ImageServer">
      <UniqueIdentifier>{294a5707-498d-442f-81ff-f686985c0af6}</UniqueIdentifier>
    </Filter>
    <Filter Include="ActorServer">
      <UniqueIdentifier>{be73c19e-e509-479b-81a9-8cef6fe37642}</UniqueIdentifier>
    </Filter>
    <Filter Include="Collision">
      <UniqueIdentifier>{38b7f6dc-d876-4b8c-bc15-eb3cdf0e9576}</UniqueIdentifier>
    </Filter>
    <Filter Include="Actor\Enemy">
      <UniqueIdentifier>{dc3d0dff-60dd-49c1-b97d-149bb640193a}</UniqueIdentifier>
    </Filter>
    <Filter Include="Darkness">
      <UniqueIdentifier>{5eb8d2b1-712c-4271-ac43-9a6a8010a44b}</UniqueIdentifier>
    </Filter>
    <Filter Include="Actor\Bullet">
      <UniqueIdentifier>{13fa08dd-107a-41f1-b5a6-a81f8c9f9ee0}</UniqueIdentifier>
    </Filter>
    <Filter Include="Mode">
      <UniqueIdentifier>{a56e1825-39d9-4692-9f98-edf628dd3c07}</UniqueIdentifier>
    </Filter>
    <Filter Include="Mode\ModeGame">
      <UniqueIdentifier>{016bbaa5-dccd-49fa-9178-98d6537fa3cc}</UniqueIdentifier>
    </Filter>
    <Filter Include="ModeServer">
      <UniqueIdentifier>{246b0c6e-9763-45ff-b568-b06a5712ddb5}</UniqueIdentifier>
    </Filter>
    <Filter Include="Actor\Light">
      <UniqueIdentifier>{fa317c28-c165-47b6-91d6-0d6e6d566c63}</UniqueIdentifier>
    </Filter>
    <Filter Include="UI">
      <UniqueIdentifier>{84abf6ab-5980-4670-9b3a-a5a5907657c8}</UniqueIdentifier>
    </Filter>
    <Filter Include="UI\MiniMap">
      <UniqueIdentifier>{41403de4-b1dc-4330-a137-12a8f2a25fef}</UniqueIdentifier>
    </Filter>
  </ItemGroup>
  <ItemGroup>
    <ClCompile Include="WinMain.cpp">
      <Filter>WinMain</Filter>
    </ClCompile>
    <ClCompile Include="Camera.cpp">
      <Filter>Camera</Filter>
    </ClCompile>
    <ClCompile Include="Game.cpp">
      <Filter>Game</Filter>
    </ClCompile>
    <ClCompile Include="InputManager.cpp">
      <Filter>InputManager</Filter>
    </ClCompile>
    <ClCompile Include="SplitWindow.cpp">
      <Filter>SplitWindow</Filter>
    </ClCompile>
    <ClCompile Include="MapChip.cpp">
      <Filter>MapChip</Filter>
    </ClCompile>
    <ClCompile Include="Math.cpp">
      <Filter>Math</Filter>
    </ClCompile>
    <ClCompile Include="Actor.cpp">
      <Filter>Actor</Filter>
    </ClCompile>
    <ClCompile Include="Player.cpp">
      <Filter>Actor\Player</Filter>
    </ClCompile>
    <ClCompile Include="ImageServer.cpp">
      <Filter>Resource\ImageServer</Filter>
    </ClCompile>
    <ClCompile Include="ActorServer.cpp">
      <Filter>ActorServer</Filter>
    </ClCompile>
    <ClCompile Include="Collision.cpp">
      <Filter>Collision</Filter>
    </ClCompile>
    <ClCompile Include="Enemy.cpp">
      <Filter>Actor\Enemy</Filter>
    </ClCompile>
    <ClCompile Include="Darkness.cpp">
      <Filter>Darkness</Filter>
    </ClCompile>
    <ClCompile Include="Light.cpp">
      <Filter>Actor\Light</Filter>
    </ClCompile>
    <ClCompile Include="ReconPlayer.cpp">
      <Filter>Actor\Player</Filter>
    </ClCompile>
    <ClCompile Include="Bullet.cpp">
      <Filter>Actor\Bullet</Filter>
    </ClCompile>
    <ClCompile Include="ModeBase.cpp">
      <Filter>Mode</Filter>
    </ClCompile>
    <ClCompile Include="ModeGame.cpp">
      <Filter>Mode\ModeGame</Filter>
    </ClCompile>
    <ClCompile Include="ModeServer.cpp">
      <Filter>ModeServer</Filter>
    </ClCompile>
    <ClCompile Include="MiniMap.cpp">
      <Filter>UI\MiniMap</Filter>
    </ClCompile>
    <ClCompile Include="UIBase.cpp">
      <Filter>UI</Filter>
    </ClCompile>
  </ItemGroup>
  <ItemGroup>
    <ClInclude Include="Camera.h">
      <Filter>Camera</Filter>
    </ClInclude>
    <ClInclude Include="Game.h">
      <Filter>Game</Filter>
    </ClInclude>
    <ClInclude Include="InputManager.h">
      <Filter>InputManager</Filter>
    </ClInclude>
    <ClInclude Include="SplitWindow.h">
      <Filter>SplitWindow</Filter>
    </ClInclude>
    <ClInclude Include="MapChip.h">
      <Filter>MapChip</Filter>
    </ClInclude>
    <ClInclude Include="Math.h">
      <Filter>Math</Filter>
    </ClInclude>
    <ClInclude Include="picojson\picojson.h">
      <Filter>picojson</Filter>
    </ClInclude>
    <ClInclude Include="Actor.h">
      <Filter>Actor</Filter>
    </ClInclude>
    <ClInclude Include="Player.h">
      <Filter>Actor\Player</Filter>
    </ClInclude>
    <ClInclude Include="ImageServer.h">
      <Filter>Resource\ImageServer</Filter>
    </ClInclude>
    <ClInclude Include="ActorServer.h">
      <Filter>ActorServer</Filter>
    </ClInclude>
    <ClInclude Include="Collision.h">
      <Filter>Collision</Filter>
    </ClInclude>
    <ClInclude Include="Enemy.h">
      <Filter>Actor\Enemy</Filter>
    </ClInclude>
    <ClInclude Include="Darkness.h">
      <Filter>Darkness</Filter>
    </ClInclude>
    <ClInclude Include="Light.h">
      <Filter>Actor\Light</Filter>
    </ClInclude>
    <ClInclude Include="ReconPlayer.h">
      <Filter>Actor\Player</Filter>
    </ClInclude>
    <ClInclude Include="Bullet.h">
      <Filter>Actor\Bullet</Filter>
    </ClInclude>
    <ClInclude Include="ModeBase.h">
      <Filter>Mode</Filter>
    </ClInclude>
    <ClInclude Include="ModeGame.h">
      <Filter>Mode\ModeGame</Filter>
    </ClInclude>
    <ClInclude Include="ModeServer.h">
      <Filter>ModeServer</Filter>
    </ClInclude>
    <ClInclude Include="MiniMap.h">
      <Filter>UI\MiniMap</Filter>
    </ClInclude>
    <ClInclude Include="UIBase.h">
      <Filter>UI</Filter>
    </ClInclude>
  </ItemGroup>
</Project>